
Microsoft Visual Studio Solution File, Format Version 12.00
# Visual Studio Version 17
VisualStudioVersion = 17.5.002.0
MinimumVisualStudioVersion = 10.0.40219.1
Project("{9A19103F-16F7-4668-BE54-9A1E7A4F7556}") = "api-gateway", "api-gateway.csproj", "{62179179-8DB7-447D-8E35-A0C37558523C}"
EndProject
Global
	GlobalSection(SolutionConfigurationPlatforms) = preSolution
		Debug|Any CPU = Debug|Any CPU
		Release|Any CPU = Release|Any CPU
	EndGlobalSection
	GlobalSection(ProjectConfigurationPlatforms) = postSolution
		{62179179-8DB7-447D-8E35-A0C37558523C}.Debug|Any CPU.ActiveCfg = Debug|Any CPU
		{62179179-8DB7-447D-8E35-A0C37558523C}.Debug|Any CPU.Build.0 = Debug|Any CPU
		{62179179-8DB7-447D-8E35-A0C37558523C}.Release|Any CPU.ActiveCfg = Release|Any CPU
		{62179179-8DB7-447D-8E35-A0C37558523C}.Release|Any CPU.Build.0 = Release|Any CPU
	EndGlobalSection
	GlobalSection(SolutionProperties) = preSolution
		HideSolutionNode = FALSE
	EndGlobalSection
	GlobalSection(ExtensibilityGlobals) = postSolution
		SolutionGuid = {801825A9-6613-4E77-940C-EEC0973DCC1E}
	EndGlobalSection
EndGlobal
